
Microsoft Visual Studio Solution File, Format Version 12.00
# Visual Studio Version 17
VisualStudioVersion = 17.9.34902.65
MinimumVisualStudioVersion = 10.0.40219.1
Project("{FAE04EC0-301F-11D3-BF4B-00C04F79EFBC}") = "Asp.net Sample", "Asp.net Sample.csproj", "{F3EF8358-E05E-48E8-A411-B9E839BDA505}"
EndProject
Global
	GlobalSection(SolutionConfigurationPlatforms) = preSolution
		Debug|Any CPU = Debug|Any CPU
		Release|Any CPU = Release|Any CPU
	EndGlobalSection
	GlobalSection(ProjectConfigurationPlatforms) = postSolution
		{F3EF8358-E05E-48E8-A411-B9E839BDA505}.Debug|Any CPU.ActiveCfg = Debug|Any CPU
		{F3EF8358-E05E-48E8-A411-B9E839BDA505}.Debug|Any CPU.Build.0 = Debug|Any CPU
		{F3EF8358-E05E-48E8-A411-B9E839BDA505}.Release|Any CPU.ActiveCfg = Release|Any CPU
		{F3EF8358-E05E-48E8-A411-B9E839BDA505}.Release|Any CPU.Build.0 = Release|Any CPU
	EndGlobalSection
	GlobalSection(SolutionProperties) = preSolution
		HideSolutionNode = FALSE
	EndGlobalSection
	GlobalSection(ExtensibilityGlobals) = postSolution
		SolutionGuid = {E040735C-001F-4C83-93DE-8C9AF7D7362E}
	EndGlobalSection
EndGlobal
